
Microsoft Visual Studio Solution File, Format Version 12.00
# Visual Studio Version 17
VisualStudioVersion = 17.1.32319.34
MinimumVisualStudioVersion = 10.0.40219.1
Project("{FAE04EC0-301F-11D3-BF4B-00C04F79EFBC}") = "WpfApp1", "WpfApp1\WpfApp1.csproj", "{75C4A7CF-0418-448F-B5C5-FB13BBD1C978}"
EndProject
Global
	GlobalSection(SolutionConfigurationPlatforms) = preSolution
		Debug|Any CPU = Debug|Any CPU
		Release|Any CPU = Release|Any CPU
	EndGlobalSection
	GlobalSection(ProjectConfigurationPlatforms) = postSolution
		{75C4A7CF-0418-448F-B5C5-FB13BBD1C978}.Debug|Any CPU.ActiveCfg = Debug|Any CPU
		{75C4A7CF-0418-448F-B5C5-FB13BBD1C978}.Debug|Any CPU.Build.0 = Debug|Any CPU
		{75C4A7CF-0418-448F-B5C5-FB13BBD1C978}.Release|Any CPU.ActiveCfg = Release|Any CPU
		{75C4A7CF-0418-448F-B5C5-FB13BBD1C978}.Release|Any CPU.Build.0 = Release|Any CPU
	EndGlobalSection
	GlobalSection(SolutionProperties) = preSolution
		HideSolutionNode = FALSE
	EndGlobalSection
	GlobalSection(ExtensibilityGlobals) = postSolution
		SolutionGuid = {31567F0A-51E7-43D0-8F01-20127C7E70AD}
	EndGlobalSection
EndGlobal
